
Microsoft Visual Studio Solution File, Format Version 12.00
# Visual Studio Version 17
VisualStudioVersion = 17.14.36202.13 d17.14
MinimumVisualStudioVersion = 10.0.40219.1
Project("{FAE04EC0-301F-11D3-BF4B-00C04F79EFBC}") = "GeometriaClienRestApiDesktop", "GeometriaClienRestApiDesktop.csproj", "{3BDF5F7E-4885-4D14-A46E-33EFEB8C3467}"
EndProject
Project("{FAE04EC0-301F-11D3-BF4B-00C04F79EFBC}") = "GeometriaWebApi", "..\GeometriaWebApi\GeometriaWebApi.csproj", "{0D6E411E-52D6-4F1B-B783-C940FF53D4E4}"
EndProject
Global
	GlobalSection(SolutionConfigurationPlatforms) = preSolution
		Debug|Any CPU = Debug|Any CPU
		Release|Any CPU = Release|Any CPU
	EndGlobalSection
	GlobalSection(ProjectConfigurationPlatforms) = postSolution
		{3BDF5F7E-4885-4D14-A46E-33EFEB8C3467}.Debug|Any CPU.ActiveCfg = Debug|Any CPU
		{3BDF5F7E-4885-4D14-A46E-33EFEB8C3467}.Debug|Any CPU.Build.0 = Debug|Any CPU
		{3BDF5F7E-4885-4D14-A46E-33EFEB8C3467}.Release|Any CPU.ActiveCfg = Release|Any CPU
		{3BDF5F7E-4885-4D14-A46E-33EFEB8C3467}.Release|Any CPU.Build.0 = Release|Any CPU
		{0D6E411E-52D6-4F1B-B783-C940FF53D4E4}.Debug|Any CPU.ActiveCfg = Debug|Any CPU
		{0D6E411E-52D6-4F1B-B783-C940FF53D4E4}.Debug|Any CPU.Build.0 = Debug|Any CPU
		{0D6E411E-52D6-4F1B-B783-C940FF53D4E4}.Release|Any CPU.ActiveCfg = Release|Any CPU
		{0D6E411E-52D6-4F1B-B783-C940FF53D4E4}.Release|Any CPU.Build.0 = Release|Any CPU
	EndGlobalSection
	GlobalSection(SolutionProperties) = preSolution
		HideSolutionNode = FALSE
	EndGlobalSection
	GlobalSection(ExtensibilityGlobals) = postSolution
		SolutionGuid = {B5C5B344-72D6-4974-ADB9-B03F186E3F45}
	EndGlobalSection
EndGlobal
